
Microsoft Visual Studio Solution File, Format Version 12.00
# Visual Studio Version 17
VisualStudioVersion = 17.10.34916.146
MinimumVisualStudioVersion = 10.0.40219.1
Project("{FAE04EC0-301F-11D3-BF4B-00C04F79EFBC}") = "JsonHelloWorldApi", "JsonHelloWorldApi\JsonHelloWorldApi.csproj", "{401B8D85-9AF9-4605-BBFF-45E434E3B206}"
EndProject
Global
	GlobalSection(SolutionConfigurationPlatforms) = preSolution
		Debug|Any CPU = Debug|Any CPU
		Release|Any CPU = Release|Any CPU
	EndGlobalSection
	GlobalSection(ProjectConfigurationPlatforms) = postSolution
		{401B8D85-9AF9-4605-BBFF-45E434E3B206}.Debug|Any CPU.ActiveCfg = Debug|Any CPU
		{401B8D85-9AF9-4605-BBFF-45E434E3B206}.Debug|Any CPU.Build.0 = Debug|Any CPU
		{401B8D85-9AF9-4605-BBFF-45E434E3B206}.Release|Any CPU.ActiveCfg = Release|Any CPU
		{401B8D85-9AF9-4605-BBFF-45E434E3B206}.Release|Any CPU.Build.0 = Release|Any CPU
	EndGlobalSection
	GlobalSection(SolutionProperties) = preSolution
		HideSolutionNode = FALSE
	EndGlobalSection
	GlobalSection(ExtensibilityGlobals) = postSolution
		SolutionGuid = {FD8B81AA-63C0-43CD-B351-0D9247D9227A}
	EndGlobalSection
EndGlobal
